{
  "name": "kafkajs-wrapper",
  "version": "1.0.0",
  "lockfileVersion": 1,
  "requires": true,
  "dependencies": {
    "async": {
      "version": "3.0.1-0",
      "resolved": "https://npm.walkmedev.com/async/-/async-3.0.1-0.tgz",
      "integrity": "sha512-b+lONkCWH/GCAIrU0j4m5zed5t+5dfjM2TbUSmKCagx6TZp2jQrNkGL7j1SUb0fF1yH6sKBiXC7Zid8Zj94O6A=="
    },
    "kafkajs": {
      "version": "1.5.1",
      "resolved": "https://npm.walkmedev.com/kafkajs/-/kafkajs-1.5.1.tgz",
      "integrity": "sha512-qYqgqGwBTsXWuLCu2FfG2deXjSR30jGS6gu2RMAPZOVC3xU3U1h2TG3K5YHLpHukfoOQvLcxQkOrrMktcP6zgw==",
      "requires": {
        "long": "^4.0.0"
      }
    },
    "long": {
      "version": "4.0.0",
      "resolved": "https://npm.walkmedev.com/long/-/long-4.0.0.tgz",
      "integrity": "sha512-XsP+KhQif4bjX1kbuSiySJFNAehNxgLb6hPRGJ9QsUr8ajHkuXGdrHmFUTUUXhDwVX2R5bY4JNZEwbUiMhV+MA=="
    }
  }
}
